// !$*UTF8*$!
{
	archiveVersion = 1;
	classes = {
	};
	objectVersion = 46;
	objects = {

/* Begin PBXBuildFile section */
		1B3705CD1C0B3E0600B3F0B3 /* main.cpp in Sources */ = {isa = PBXBuildFile; fileRef = 1B3705CC1C0B3E0600B3F0B3 /* main.cpp */; };
		1B3705D51C0B3E3A00B3F0B3 /* Hanoi.cpp in Sources */ = {isa = PBXBuildFile; fileRef = 1B3705D41C0B3E3A00B3F0B3 /* Hanoi.cpp */; };
		1B54B34E1C18483500786BD3 /* TwoSum.cpp in Sources */ = {isa = PBXBuildFile; fileRef = 1B54B34D1C18483500786BD3 /* TwoSum.cpp */; };
		1B5A00B01C107D67004A835E /* MergeSort.cpp in Sources */ = {isa = PBXBuildFile; fileRef = 1B5A00AF1C107D67004A835E /* MergeSort.cpp */; };
		1B5A00B21C107E92004A835E /* BinarySearch.cpp in Sources */ = {isa = PBXBuildFile; fileRef = 1B5A00B11C107E92004A835E /* BinarySearch.cpp */; };
		1B6E9F621C1ED0EB0089542C /* Knapsack.cpp in Sources */ = {isa = PBXBuildFile; fileRef = 1B6E9F611C1ED0EB0089542C /* Knapsack.cpp */; };
		1B6E9F651C1EFF830089542C /* AddTwoNumbers.cpp in Sources */ = {isa = PBXBuildFile; fileRef = 1B6E9F641C1EFF830089542C /* AddTwoNumbers.cpp */; };
		1BBB24871C113B1700058C86 /* QuickSort.cpp in Sources */ = {isa = PBXBuildFile; fileRef = 1BBB24861C113B1700058C86 /* QuickSort.cpp */; };
/* End PBXBuildFile section */

/* Begin PBXCopyFilesBuildPhase section */
		1B3705C71C0B3E0600B3F0B3 /* CopyFiles */ = {
			isa = PBXCopyFilesBuildPhase;
			buildActionMask = 2147483647;
			dstPath = /usr/share/man/man1/;
			dstSubfolderSpec = 0;
			files = (
			);
			runOnlyForDeploymentPostprocessing = 1;
		};
/* End PBXCopyFilesBuildPhase section */

/* Begin PBXFileReference section */
		1B3705C91C0B3E0600B3F0B3 /* Algorithm */ = {isa = PBXFileReference; explicitFileType = "compiled.mach-o.executable"; includeInIndex = 0; path = Algorithm; sourceTree = BUILT_PRODUCTS_DIR; };
		1B3705CC1C0B3E0600B3F0B3 /* main.cpp */ = {isa = PBXFileReference; lastKnownFileType = sourcecode.cpp.cpp; path = main.cpp; sourceTree = "<group>"; };
		1B3705D41C0B3E3A00B3F0B3 /* Hanoi.cpp */ = {isa = PBXFileReference; fileEncoding = 4; lastKnownFileType = sourcecode.cpp.cpp; path = Hanoi.cpp; sourceTree = "<group>"; };
		1B54B34D1C18483500786BD3 /* TwoSum.cpp */ = {isa = PBXFileReference; fileEncoding = 4; lastKnownFileType = sourcecode.cpp.cpp; path = TwoSum.cpp; sourceTree = "<group>"; };
		1B5A00AF1C107D67004A835E /* MergeSort.cpp */ = {isa = PBXFileReference; fileEncoding = 4; lastKnownFileType = sourcecode.cpp.cpp; path = MergeSort.cpp; sourceTree = "<group>"; };
		1B5A00B11C107E92004A835E /* BinarySearch.cpp */ = {isa = PBXFileReference; fileEncoding = 4; lastKnownFileType = sourcecode.cpp.cpp; name = BinarySearch.cpp; path = Algorithm/BinarySearch.cpp; sourceTree = "<group>"; };
		1B6E9F611C1ED0EB0089542C /* Knapsack.cpp */ = {isa = PBXFileReference; fileEncoding = 4; lastKnownFileType = sourcecode.cpp.cpp; path = Knapsack.cpp; sourceTree = "<group>"; };
		1B6E9F641C1EFF830089542C /* AddTwoNumbers.cpp */ = {isa = PBXFileReference; fileEncoding = 4; lastKnownFileType = sourcecode.cpp.cpp; path = AddTwoNumbers.cpp; sourceTree = "<group>"; };
		1BBB24861C113B1700058C86 /* QuickSort.cpp */ = {isa = PBXFileReference; fileEncoding = 4; lastKnownFileType = sourcecode.cpp.cpp; path = QuickSort.cpp; sourceTree = "<group>"; };
/* End PBXFileReference section */

/* Begin PBXFrameworksBuildPhase section */
		1B3705C61C0B3E0600B3F0B3 /* Frameworks */ = {
			isa = PBXFrameworksBuildPhase;
			buildActionMask = 2147483647;
			files = (
			);
			runOnlyForDeploymentPostprocessing = 0;
		};
/* End PBXFrameworksBuildPhase section */

/* Begin PBXGroup section */
		1B02A1D31C0C9BF900E90398 /* Binary Search */ = {
			isa = PBXGroup;
			children = (
				1B5A00B11C107E92004A835E /* BinarySearch.cpp */,
			);
			name = "Binary Search";
			path = ..;
			sourceTree = "<group>";
		};
		1B3705C01C0B3E0600B3F0B3 = {
			isa = PBXGroup;
			children = (
				1B3705CB1C0B3E0600B3F0B3 /* Algorithm */,
				1B3705CA1C0B3E0600B3F0B3 /* Products */,
			);
			sourceTree = "<group>";
		};
		1B3705CA1C0B3E0600B3F0B3 /* Products */ = {
			isa = PBXGroup;
			children = (
				1B3705C91C0B3E0600B3F0B3 /* Algorithm */,
			);
			name = Products;
			sourceTree = "<group>";
		};
		1B3705CB1C0B3E0600B3F0B3 /* Algorithm */ = {
			isa = PBXGroup;
			children = (
				1B6E9F601C1ED0D00089542C /* knapsack */,
				1B54B34C1C18480E00786BD3 /* Two Sum */,
				1BBB24851C113AFD00058C86 /* QuickSort */,
				1B3705CC1C0B3E0600B3F0B3 /* main.cpp */,
				1B5A00AE1C107D43004A835E /* MergeSort */,
				1B5A00AD1C107D28004A835E /* QuickSort */,
				1B02A1D31C0C9BF900E90398 /* Binary Search */,
				1B3705D31C0B3E0D00B3F0B3 /* Hanoi */,
				1B6E9F641C1EFF830089542C /* AddTwoNumbers.cpp */,
			);
			path = Algorithm;
			sourceTree = "<group>";
		};
		1B3705D31C0B3E0D00B3F0B3 /* Hanoi */ = {
			isa = PBXGroup;
			children = (
				1B3705D41C0B3E3A00B3F0B3 /* Hanoi.cpp */,
			);
			name = Hanoi;
			sourceTree = "<group>";
		};
		1B54B34C1C18480E00786BD3 /* Two Sum */ = {
			isa = PBXGroup;
			children = (
				1B54B34D1C18483500786BD3 /* TwoSum.cpp */,
			);
			name = "Two Sum";
			sourceTree = "<group>";
		};
		1B5A00AD1C107D28004A835E /* QuickSort */ = {
			isa = PBXGroup;
			children = (
			);
			name = QuickSort;
			sourceTree = "<group>";
		};
		1B5A00AE1C107D43004A835E /* MergeSort */ = {
			isa = PBXGroup;
			children = (
				1B5A00AF1C107D67004A835E /* MergeSort.cpp */,
			);
			name = MergeSort;
			sourceTree = "<group>";
		};
		1B6E9F601C1ED0D00089542C /* knapsack */ = {
			isa = PBXGroup;
			children = (
				1B6E9F611C1ED0EB0089542C /* Knapsack.cpp */,
			);
			name = knapsack;
			sourceTree = "<group>";
		};
		1BBB24851C113AFD00058C86 /* QuickSort */ = {
			isa = PBXGroup;
			children = (
				1BBB24861C113B1700058C86 /* QuickSort.cpp */,
			);
			name = QuickSort;
			sourceTree = "<group>";
		};
/* End PBXGroup section */

/* Begin PBXNativeTarget section */
		1B3705C81C0B3E0600B3F0B3 /* Algorithm */ = {
			isa = PBXNativeTarget;
			buildConfigurationList = 1B3705D01C0B3E0600B3F0B3 /* Build configuration list for PBXNativeTarget "Algorithm" */;
			buildPhases = (
				1B3705C51C0B3E0600B3F0B3 /* Sources */,
				1B3705C61C0B3E0600B3F0B3 /* Frameworks */,
				1B3705C71C0B3E0600B3F0B3 /* CopyFiles */,
			);
			buildRules = (
			);
			dependencies = (
			);
			name = Algorithm;
			productName = Algorithm;
			productReference = 1B3705C91C0B3E0600B3F0B3 /* Algorithm */;
			productType = "com.apple.product-type.tool";
		};
/* End PBXNativeTarget section */

/* Begin PBXProject section */
		1B3705C11C0B3E0600B3F0B3 /* Project object */ = {
			isa = PBXProject;
			attributes = {
				LastUpgradeCheck = 0710;
				ORGANIZATIONNAME = Martin;
				TargetAttributes = {
					1B3705C81C0B3E0600B3F0B3 = {
						CreatedOnToolsVersion = 7.1.1;
					};
				};
			};
			buildConfigurationList = 1B3705C41C0B3E0600B3F0B3 /* Build configuration list for PBXProject "Algorithm" */;
			compatibilityVersion = "Xcode 3.2";
			developmentRegion = English;
			hasScannedForEncodings = 0;
			knownRegions = (
				en,
			);
			mainGroup = 1B3705C01C0B3E0600B3F0B3;
			productRefGroup = 1B3705CA1C0B3E0600B3F0B3 /* Products */;
			projectDirPath = "";
			projectRoot = "";
			targets = (
				1B3705C81C0B3E0600B3F0B3 /* Algorithm */,
			);
		};
/* End PBXProject section */

/* Begin PBXSourcesBuildPhase section */
		1B3705C51C0B3E0600B3F0B3 /* Sources */ = {
			isa = PBXSourcesBuildPhase;
			buildActionMask = 2147483647;
			files = (
				1B5A00B21C107E92004A835E /* BinarySearch.cpp in Sources */,
				1B6E9F651C1EFF830089542C /* AddTwoNumbers.cpp in Sources */,
				1B3705CD1C0B3E0600B3F0B3 /* main.cpp in Sources */,
				1B5A00B01C107D67004A835E /* MergeSort.cpp in Sources */,
				1BBB24871C113B1700058C86 /* QuickSort.cpp in Sources */,
				1B6E9F621C1ED0EB0089542C /* Knapsack.cpp in Sources */,
				1B54B34E1C18483500786BD3 /* TwoSum.cpp in Sources */,
				1B3705D51C0B3E3A00B3F0B3 /* Hanoi.cpp in Sources */,
			);
			runOnlyForDeploymentPostprocessing = 0;
		};
/* End PBXSourcesBuildPhase section */

/* Begin XCBuildConfiguration section */
		1B3705CE1C0B3E0600B3F0B3 /* Debug */ = {
			isa = XCBuildConfiguration;
			buildSettings = {
				ALWAYS_SEARCH_USER_PATHS = NO;
				CLANG_CXX_LANGUAGE_STANDARD = "gnu++0x";
				CLANG_CXX_LIBRARY = "libc++";
				CLANG_ENABLE_MODULES = YES;
				CLANG_ENABLE_OBJC_ARC = YES;
				CLANG_WARN_BOOL_CONVERSION = YES;
				CLANG_WARN_CONSTANT_CONVERSION = YES;
				CLANG_WARN_DIRECT_OBJC_ISA_USAGE = YES_ERROR;
				CLANG_WARN_EMPTY_BODY = YES;
				CLANG_WARN_ENUM_CONVERSION = YES;
				CLANG_WARN_INT_CONVERSION = YES;
				CLANG_WARN_OBJC_ROOT_CLASS = YES_ERROR;
				CLANG_WARN_UNREACHABLE_CODE = YES;
				CLANG_WARN__DUPLICATE_METHOD_MATCH = YES;
				CODE_SIGN_IDENTITY = "-";
				COPY_PHASE_STRIP = NO;
				DEBUG_INFORMATION_FORMAT = dwarf;
				ENABLE_STRICT_OBJC_MSGSEND = YES;
				ENABLE_TESTABILITY = YES;
				GCC_C_LANGUAGE_STANDARD = gnu99;
				GCC_DYNAMIC_NO_PIC = NO;
				GCC_NO_COMMON_BLOCKS = YES;
				GCC_OPTIMIZATION_LEVEL = 0;
				GCC_PREPROCESSOR_DEFINITIONS = (
					"DEBUG=1",
					"$(inherited)",
				);
				GCC_WARN_64_TO_32_BIT_CONVERSION = YES;
				GCC_WARN_ABOUT_RETURN_TYPE = YES_ERROR;
				GCC_WARN_UNDECLARED_SELECTOR = YES;
				GCC_WARN_UNINITIALIZED_AUTOS = YES_AGGRESSIVE;
				GCC_WARN_UNUSED_FUNCTION = YES;
				GCC_WARN_UNUSED_VARIABLE = YES;
				MACOSX_DEPLOYMENT_TARGET = 10.11;
				MTL_ENABLE_DEBUG_INFO = YES;
				ONLY_ACTIVE_ARCH = YES;
				SDKROOT = macosx;
			};
			name = Debug;
		};
		1B3705CF1C0B3E0600B3F0B3 /* Release */ = {
			isa = XCBuildConfiguration;
			buildSettings = {
				ALWAYS_SEARCH_USER_PATHS = NO;
				CLANG_CXX_LANGUAGE_STANDARD = "gnu++0x";
				CLANG_CXX_LIBRARY = "libc++";
				CLANG_ENABLE_MODULES = YES;
				CLANG_ENABLE_OBJC_ARC = YES;
				CLANG_WARN_BOOL_CONVERSION = YES;
				CLANG_WARN_CONSTANT_CONVERSION = YES;
				CLANG_WARN_DIRECT_OBJC_ISA_USAGE = YES_ERROR;
				CLANG_WARN_EMPTY_BODY = YES;
				CLANG_WARN_ENUM_CONVERSION = YES;
				CLANG_WARN_INT_CONVERSION = YES;
				CLANG_WARN_OBJC_ROOT_CLASS = YES_ERROR;
				CLANG_WARN_UNREACHABLE_CODE = YES;
				CLANG_WARN__DUPLICATE_METHOD_MATCH = YES;
				CODE_SIGN_IDENTITY = "-";
				COPY_PHASE_STRIP = NO;
				DEBUG_INFORMATION_FORMAT = "dwarf-with-dsym";
				ENABLE_NS_ASSERTIONS = NO;
				ENABLE_STRICT_OBJC_MSGSEND = YES;
				GCC_C_LANGUAGE_STANDARD = gnu99;
				GCC_NO_COMMON_BLOCKS = YES;
				GCC_WARN_64_TO_32_BIT_CONVERSION = YES;
				GCC_WARN_ABOUT_RETURN_TYPE = YES_ERROR;
				GCC_WARN_UNDECLARED_SELECTOR = YES;
				GCC_WARN_UNINITIALIZED_AUTOS = YES_AGGRESSIVE;
				GCC_WARN_UNUSED_FUNCTION = YES;
				GCC_WARN_UNUSED_VARIABLE = YES;
				MACOSX_DEPLOYMENT_TARGET = 10.11;
				MTL_ENABLE_DEBUG_INFO = NO;
				SDKROOT = macosx;
			};
			name = Release;
		};
		1B3705D11C0B3E0600B3F0B3 /* Debug */ = {
			isa = XCBuildConfiguration;
			buildSettings = {
				PRODUCT_NAME = "$(TARGET_NAME)";
			};
			name = Debug;
		};
		1B3705D21C0B3E0600B3F0B3 /* Release */ = {
			isa = XCBuildConfiguration;
			buildSettings = {
				PRODUCT_NAME = "$(TARGET_NAME)";
			};
			name = Release;
		};
/* End XCBuildConfiguration section */

/* Begin XCConfigurationList section */
		1B3705C41C0B3E0600B3F0B3 /* Build configuration list for PBXProject "Algorithm" */ = {
			isa = XCConfigurationList;
			buildConfigurations = (
				1B3705CE1C0B3E0600B3F0B3 /* Debug */,
				1B3705CF1C0B3E0600B3F0B3 /* Release */,
			);
			defaultConfigurationIsVisible = 0;
			defaultConfigurationName = Release;
		};
		1B3705D01C0B3E0600B3F0B3 /* Build configuration list for PBXNativeTarget "Algorithm" */ = {
			isa = XCConfigurationList;
			buildConfigurations = (
				1B3705D11C0B3E0600B3F0B3 /* Debug */,
				1B3705D21C0B3E0600B3F0B3 /* Release */,
			);
			defaultConfigurationIsVisible = 0;
			defaultConfigurationName = Release;
		};
/* End XCConfigurationList section */
	};
	rootObject = 1B3705C11C0B3E0600B3F0B3 /* Project object */;
}
