// !$*UTF8*$!
{
	archiveVersion = 1;
	classes = {
	};
	objectVersion = 46;
	objects = {

/* Begin PBXBuildFile section */
		1BBAF54F1C6B5D3400E9CCE2 /* main.cpp in Sources */ = {isa = PBXBuildFile; fileRef = 1BBAF54E1C6B5D3400E9CCE2 /* main.cpp */; };
/* End PBXBuildFile section */

/* Begin PBXCopyFilesBuildPhase section */
		1BBAF5491C6B5D3400E9CCE2 /* CopyFiles */ = {
			isa = PBXCopyFilesBuildPhase;
			buildActionMask = 2147483647;
			dstPath = /usr/share/man/man1/;
			dstSubfolderSpec = 0;
			files = (
			);
			runOnlyForDeploymentPostprocessing = 1;
		};
/* End PBXCopyFilesBuildPhase section */

/* Begin PBXFileReference section */
		1BBAF54B1C6B5D3400E9CCE2 /* CopyComplexList */ = {isa = PBXFileReference; explicitFileType = "compiled.mach-o.executable"; includeInIndex = 0; path = CopyComplexList; sourceTree = BUILT_PRODUCTS_DIR; };
		1BBAF54E1C6B5D3400E9CCE2 /* main.cpp */ = {isa = PBXFileReference; lastKnownFileType = sourcecode.cpp.cpp; path = main.cpp; sourceTree = "<group>"; };
/* End PBXFileReference section */

/* Begin PBXFrameworksBuildPhase section */
		1BBAF5481C6B5D3400E9CCE2 /* Frameworks */ = {
			isa = PBXFrameworksBuildPhase;
			buildActionMask = 2147483647;
			files = (
			);
			runOnlyForDeploymentPostprocessing = 0;
		};
/* End PBXFrameworksBuildPhase section */

/* Begin PBXGroup section */
		1BBAF5421C6B5D3400E9CCE2 = {
			isa = PBXGroup;
			children = (
				1BBAF54D1C6B5D3400E9CCE2 /* CopyComplexList */,
				1BBAF54C1C6B5D3400E9CCE2 /* Products */,
			);
			sourceTree = "<group>";
		};
		1BBAF54C1C6B5D3400E9CCE2 /* Products */ = {
			isa = PBXGroup;
			children = (
				1BBAF54B1C6B5D3400E9CCE2 /* CopyComplexList */,
			);
			name = Products;
			sourceTree = "<group>";
		};
		1BBAF54D1C6B5D3400E9CCE2 /* CopyComplexList */ = {
			isa = PBXGroup;
			children = (
				1BBAF54E1C6B5D3400E9CCE2 /* main.cpp */,
			);
			path = CopyComplexList;
			sourceTree = "<group>";
		};
/* End PBXGroup section */

/* Begin PBXNativeTarget section */
		1BBAF54A1C6B5D3400E9CCE2 /* CopyComplexList */ = {
			isa = PBXNativeTarget;
			buildConfigurationList = 1BBAF5521C6B5D3400E9CCE2 /* Build configuration list for PBXNativeTarget "CopyComplexList" */;
			buildPhases = (
				1BBAF5471C6B5D3400E9CCE2 /* Sources */,
				1BBAF5481C6B5D3400E9CCE2 /* Frameworks */,
				1BBAF5491C6B5D3400E9CCE2 /* CopyFiles */,
			);
			buildRules = (
			);
			dependencies = (
			);
			name = CopyComplexList;
			productName = CopyComplexList;
			productReference = 1BBAF54B1C6B5D3400E9CCE2 /* CopyComplexList */;
			productType = "com.apple.product-type.tool";
		};
/* End PBXNativeTarget section */

/* Begin PBXProject section */
		1BBAF5431C6B5D3400E9CCE2 /* Project object */ = {
			isa = PBXProject;
			attributes = {
				LastUpgradeCheck = 0720;
				ORGANIZATIONNAME = Martin;
				TargetAttributes = {
					1BBAF54A1C6B5D3400E9CCE2 = {
						CreatedOnToolsVersion = 7.2;
					};
				};
			};
			buildConfigurationList = 1BBAF5461C6B5D3400E9CCE2 /* Build configuration list for PBXProject "CopyComplexList" */;
			compatibilityVersion = "Xcode 3.2";
			developmentRegion = English;
			hasScannedForEncodings = 0;
			knownRegions = (
				en,
			);
			mainGroup = 1BBAF5421C6B5D3400E9CCE2;
			productRefGroup = 1BBAF54C1C6B5D3400E9CCE2 /* Products */;
			projectDirPath = "";
			projectRoot = "";
			targets = (
				1BBAF54A1C6B5D3400E9CCE2 /* CopyComplexList */,
			);
		};
/* End PBXProject section */

/* Begin PBXSourcesBuildPhase section */
		1BBAF5471C6B5D3400E9CCE2 /* Sources */ = {
			isa = PBXSourcesBuildPhase;
			buildActionMask = 2147483647;
			files = (
				1BBAF54F1C6B5D3400E9CCE2 /* main.cpp in Sources */,
			);
			runOnlyForDeploymentPostprocessing = 0;
		};
/* End PBXSourcesBuildPhase section */

/* Begin XCBuildConfiguration section */
		1BBAF5501C6B5D3400E9CCE2 /* Debug */ = {
			isa = XCBuildConfiguration;
			buildSettings = {
				ALWAYS_SEARCH_USER_PATHS = NO;
				CLANG_CXX_LANGUAGE_STANDARD = "gnu++0x";
				CLANG_CXX_LIBRARY = "libc++";
				CLANG_ENABLE_MODULES = YES;
				CLANG_ENABLE_OBJC_ARC = YES;
				CLANG_WARN_BOOL_CONVERSION = YES;
				CLANG_WARN_CONSTANT_CONVERSION = YES;
				CLANG_WARN_DIRECT_OBJC_ISA_USAGE = YES_ERROR;
				CLANG_WARN_EMPTY_BODY = YES;
				CLANG_WARN_ENUM_CONVERSION = YES;
				CLANG_WARN_INT_CONVERSION = YES;
				CLANG_WARN_OBJC_ROOT_CLASS = YES_ERROR;
				CLANG_WARN_UNREACHABLE_CODE = YES;
				CLANG_WARN__DUPLICATE_METHOD_MATCH = YES;
				CODE_SIGN_IDENTITY = "-";
				COPY_PHASE_STRIP = NO;
				DEBUG_INFORMATION_FORMAT = dwarf;
				ENABLE_STRICT_OBJC_MSGSEND = YES;
				ENABLE_TESTABILITY = YES;
				GCC_C_LANGUAGE_STANDARD = gnu99;
				GCC_DYNAMIC_NO_PIC = NO;
				GCC_NO_COMMON_BLOCKS = YES;
				GCC_OPTIMIZATION_LEVEL = 0;
				GCC_PREPROCESSOR_DEFINITIONS = (
					"DEBUG=1",
					"$(inherited)",
				);
				GCC_WARN_64_TO_32_BIT_CONVERSION = YES;
				GCC_WARN_ABOUT_RETURN_TYPE = YES_ERROR;
				GCC_WARN_UNDECLARED_SELECTOR = YES;
				GCC_WARN_UNINITIALIZED_AUTOS = YES_AGGRESSIVE;
				GCC_WARN_UNUSED_FUNCTION = YES;
				GCC_WARN_UNUSED_VARIABLE = YES;
				MACOSX_DEPLOYMENT_TARGET = 10.11;
				MTL_ENABLE_DEBUG_INFO = YES;
				ONLY_ACTIVE_ARCH = YES;
				SDKROOT = macosx;
			};
			name = Debug;
		};
		1BBAF5511C6B5D3400E9CCE2 /* Release */ = {
			isa = XCBuildConfiguration;
			buildSettings = {
				ALWAYS_SEARCH_USER_PATHS = NO;
				CLANG_CXX_LANGUAGE_STANDARD = "gnu++0x";
				CLANG_CXX_LIBRARY = "libc++";
				CLANG_ENABLE_MODULES = YES;
				CLANG_ENABLE_OBJC_ARC = YES;
				CLANG_WARN_BOOL_CONVERSION = YES;
				CLANG_WARN_CONSTANT_CONVERSION = YES;
				CLANG_WARN_DIRECT_OBJC_ISA_USAGE = YES_ERROR;
				CLANG_WARN_EMPTY_BODY = YES;
				CLANG_WARN_ENUM_CONVERSION = YES;
				CLANG_WARN_INT_CONVERSION = YES;
				CLANG_WARN_OBJC_ROOT_CLASS = YES_ERROR;
				CLANG_WARN_UNREACHABLE_CODE = YES;
				CLANG_WARN__DUPLICATE_METHOD_MATCH = YES;
				CODE_SIGN_IDENTITY = "-";
				COPY_PHASE_STRIP = NO;
				DEBUG_INFORMATION_FORMAT = "dwarf-with-dsym";
				ENABLE_NS_ASSERTIONS = NO;
				ENABLE_STRICT_OBJC_MSGSEND = YES;
				GCC_C_LANGUAGE_STANDARD = gnu99;
				GCC_NO_COMMON_BLOCKS = YES;
				GCC_WARN_64_TO_32_BIT_CONVERSION = YES;
				GCC_WARN_ABOUT_RETURN_TYPE = YES_ERROR;
				GCC_WARN_UNDECLARED_SELECTOR = YES;
				GCC_WARN_UNINITIALIZED_AUTOS = YES_AGGRESSIVE;
				GCC_WARN_UNUSED_FUNCTION = YES;
				GCC_WARN_UNUSED_VARIABLE = YES;
				MACOSX_DEPLOYMENT_TARGET = 10.11;
				MTL_ENABLE_DEBUG_INFO = NO;
				SDKROOT = macosx;
			};
			name = Release;
		};
		1BBAF5531C6B5D3400E9CCE2 /* Debug */ = {
			isa = XCBuildConfiguration;
			buildSettings = {
				PRODUCT_NAME = "$(TARGET_NAME)";
			};
			name = Debug;
		};
		1BBAF5541C6B5D3400E9CCE2 /* Release */ = {
			isa = XCBuildConfiguration;
			buildSettings = {
				PRODUCT_NAME = "$(TARGET_NAME)";
			};
			name = Release;
		};
/* End XCBuildConfiguration section */

/* Begin XCConfigurationList section */
		1BBAF5461C6B5D3400E9CCE2 /* Build configuration list for PBXProject "CopyComplexList" */ = {
			isa = XCConfigurationList;
			buildConfigurations = (
				1BBAF5501C6B5D3400E9CCE2 /* Debug */,
				1BBAF5511C6B5D3400E9CCE2 /* Release */,
			);
			defaultConfigurationIsVisible = 0;
			defaultConfigurationName = Release;
		};
		1BBAF5521C6B5D3400E9CCE2 /* Build configuration list for PBXNativeTarget "CopyComplexList" */ = {
			isa = XCConfigurationList;
			buildConfigurations = (
				1BBAF5531C6B5D3400E9CCE2 /* Debug */,
				1BBAF5541C6B5D3400E9CCE2 /* Release */,
			);
			defaultConfigurationIsVisible = 0;
		};
/* End XCConfigurationList section */
	};
	rootObject = 1BBAF5431C6B5D3400E9CCE2 /* Project object */;
}
