// !$*UTF8*$!
{
	archiveVersion = 1;
	classes = {
	};
	objectVersion = 46;
	objects = {

/* Begin PBXBuildFile section */
		1B1FBDD91CEA079F00732267 /* Array_removeElement.cpp in Sources */ = {isa = PBXBuildFile; fileRef = 1B1FBDD81CEA079F00732267 /* Array_removeElement.cpp */; };
		1B61B3FA1CECB57C00537DFA /* Array_majorityElement.cpp in Sources */ = {isa = PBXBuildFile; fileRef = 1B61B3F91CECB57C00537DFA /* Array_majorityElement.cpp */; };
		1B61B3FC1CECC73800537DFA /* Array_arrRotate.cpp in Sources */ = {isa = PBXBuildFile; fileRef = 1B61B3FB1CECC73800537DFA /* Array_arrRotate.cpp */; };
		1B965B731CE6BF0300A02065 /* Array_TwoSum.cpp in Sources */ = {isa = PBXBuildFile; fileRef = 1B965B721CE6BF0300A02065 /* Array_TwoSum.cpp */; };
		1B965B751CE6CA7000A02065 /* Test.cpp in Sources */ = {isa = PBXBuildFile; fileRef = 1B965B741CE6CA7000A02065 /* Test.cpp */; };
		1B965B911CE8B16A00A02065 /* Array_removeDuplicates.cpp in Sources */ = {isa = PBXBuildFile; fileRef = 1B965B901CE8B16A00A02065 /* Array_removeDuplicates.cpp */; };
		A8037FD71D1AC78E00A94CE2 /* BinaryTree.cpp in Sources */ = {isa = PBXBuildFile; fileRef = A8037FD61D1AC78E00A94CE2 /* BinaryTree.cpp */; };
		A80F7EE01D466C9D008DF968 /* SortStackByStack.cpp in Sources */ = {isa = PBXBuildFile; fileRef = A80F7EDF1D466C9D008DF968 /* SortStackByStack.cpp */; };
		A82B0CF21D620F4E00C8F68E /* SortedArrayIntersection.cpp in Sources */ = {isa = PBXBuildFile; fileRef = A82B0CF11D620F4E00C8F68E /* SortedArrayIntersection.cpp */; };
		A82B0CF41D62187400C8F68E /* deleteRepeatNode.cpp in Sources */ = {isa = PBXBuildFile; fileRef = A82B0CF31D62187400C8F68E /* deleteRepeatNode.cpp */; };
		A836B5461D3630C9001CC81C /* HeapSort.cpp in Sources */ = {isa = PBXBuildFile; fileRef = A836B5451D3630C9001CC81C /* HeapSort.cpp */; };
		A842AB681D2EB562004FAB8B /* BubbleTest.cpp in Sources */ = {isa = PBXBuildFile; fileRef = A842AB671D2EB562004FAB8B /* BubbleTest.cpp */; };
		A842AB6A1D2EBB4F004FAB8B /* inverseList.cpp in Sources */ = {isa = PBXBuildFile; fileRef = A842AB691D2EBB4F004FAB8B /* inverseList.cpp */; };
		A842AB6C1D2EBE1E004FAB8B /* InsertSort.cpp in Sources */ = {isa = PBXBuildFile; fileRef = A842AB6B1D2EBE1E004FAB8B /* InsertSort.cpp */; };
		A8593D551D450C6E0025CECD /* getMin.cpp in Sources */ = {isa = PBXBuildFile; fileRef = A8593D541D450C6E0025CECD /* getMin.cpp */; };
		A8593D571D4510E10025CECD /* StackQueue.cpp in Sources */ = {isa = PBXBuildFile; fileRef = A8593D561D4510E10025CECD /* StackQueue.cpp */; };
		A8593D591D451B230025CECD /* removeLastElement.cpp in Sources */ = {isa = PBXBuildFile; fileRef = A8593D581D451B230025CECD /* removeLastElement.cpp */; };
		A86D499D1D733D6B00C981AC /* RemoveDuplicateInSortedArray.cpp in Sources */ = {isa = PBXBuildFile; fileRef = A86D499C1D733D6B00C981AC /* RemoveDuplicateInSortedArray.cpp */; };
		A8821C8A1CFB49BF00D500B7 /* array_mergeTwoLists.cpp in Sources */ = {isa = PBXBuildFile; fileRef = A8821C891CFB49BF00D500B7 /* array_mergeTwoLists.cpp */; };
		A8821C8C1CFC962200D500B7 /* array_swapPairs.cpp in Sources */ = {isa = PBXBuildFile; fileRef = A8821C8B1CFC962200D500B7 /* array_swapPairs.cpp */; };
		A8828AD21D22A07C00206CAC /* intersect.cpp in Sources */ = {isa = PBXBuildFile; fileRef = A8828AD11D22A07C00206CAC /* intersect.cpp */; };
		A8828AD41D22AADE00206CAC /* hasPathSum.cpp in Sources */ = {isa = PBXBuildFile; fileRef = A8828AD31D22AADE00206CAC /* hasPathSum.cpp */; };
		A8828AD61D22B0A500206CAC /* minDepth.cpp in Sources */ = {isa = PBXBuildFile; fileRef = A8828AD51D22B0A500206CAC /* minDepth.cpp */; };
		A8828B0A1D24233100206CAC /* IsBalanced.cpp in Sources */ = {isa = PBXBuildFile; fileRef = A8828B091D24233100206CAC /* IsBalanced.cpp */; };
		A8944E601D7C80830001F8F2 /* SearchTarget.cpp in Sources */ = {isa = PBXBuildFile; fileRef = A8944E5F1D7C80830001F8F2 /* SearchTarget.cpp */; };
		A8C203111D0DB0AA00495A6A /* List.cpp in Sources */ = {isa = PBXBuildFile; fileRef = A8C203101D0DB0AA00495A6A /* List.cpp */; };
		A8D04EF11D01C0AB00FF8F9A /* BubbleSort.cpp in Sources */ = {isa = PBXBuildFile; fileRef = A8D04EF01D01C0AB00FF8F9A /* BubbleSort.cpp */; };
		A8D04F0E1D03BEF200FF8F9A /* ArrayInsert.cpp in Sources */ = {isa = PBXBuildFile; fileRef = A8D04F0D1D03BEF200FF8F9A /* ArrayInsert.cpp */; };
		A8D04F381D0711EE00FF8F9A /* hasCycle.cpp in Sources */ = {isa = PBXBuildFile; fileRef = A8D04F371D0711EE00FF8F9A /* hasCycle.cpp */; };
		A8D04F3B1D07148D00FF8F9A /* numberOf1.cpp in Sources */ = {isa = PBXBuildFile; fileRef = A8D04F3A1D07148D00FF8F9A /* numberOf1.cpp */; };
		A8D04F3D1D07173900FF8F9A /* deleteNode.cpp in Sources */ = {isa = PBXBuildFile; fileRef = A8D04F3C1D07173900FF8F9A /* deleteNode.cpp */; };
		A8E90D491CF8790E005DCC2E /* array_missingNumber.cpp in Sources */ = {isa = PBXBuildFile; fileRef = A8E90D481CF8790E005DCC2E /* array_missingNumber.cpp */; };
		A8EA2F181D33CA8C00CA6CB1 /* mergeSort.cpp in Sources */ = {isa = PBXBuildFile; fileRef = A8EA2F171D33CA8C00CA6CB1 /* mergeSort.cpp */; };
		A8EA2F1A1D33DB2000CA6CB1 /* QuickSort.cpp in Sources */ = {isa = PBXBuildFile; fileRef = A8EA2F191D33DB2000CA6CB1 /* QuickSort.cpp */; };
/* End PBXBuildFile section */

/* Begin PBXCopyFilesBuildPhase section */
		1B965B651CE6BEBB00A02065 /* CopyFiles */ = {
			isa = PBXCopyFilesBuildPhase;
			buildActionMask = 2147483647;
			dstPath = /usr/share/man/man1/;
			dstSubfolderSpec = 0;
			files = (
			);
			runOnlyForDeploymentPostprocessing = 1;
		};
/* End PBXCopyFilesBuildPhase section */

/* Begin PBXFileReference section */
		1B1FBDD81CEA079F00732267 /* Array_removeElement.cpp */ = {isa = PBXFileReference; fileEncoding = 4; lastKnownFileType = sourcecode.cpp.cpp; path = Array_removeElement.cpp; sourceTree = "<group>"; };
		1B61B3F91CECB57C00537DFA /* Array_majorityElement.cpp */ = {isa = PBXFileReference; fileEncoding = 4; lastKnownFileType = sourcecode.cpp.cpp; path = Array_majorityElement.cpp; sourceTree = "<group>"; };
		1B61B3FB1CECC73800537DFA /* Array_arrRotate.cpp */ = {isa = PBXFileReference; fileEncoding = 4; lastKnownFileType = sourcecode.cpp.cpp; path = Array_arrRotate.cpp; sourceTree = "<group>"; };
		1B965B671CE6BEBB00A02065 /* LeetCodeAlgorithm */ = {isa = PBXFileReference; explicitFileType = "compiled.mach-o.executable"; includeInIndex = 0; path = LeetCodeAlgorithm; sourceTree = BUILT_PRODUCTS_DIR; };
		1B965B721CE6BF0300A02065 /* Array_TwoSum.cpp */ = {isa = PBXFileReference; fileEncoding = 4; lastKnownFileType = sourcecode.cpp.cpp; path = Array_TwoSum.cpp; sourceTree = "<group>"; };
		1B965B741CE6CA7000A02065 /* Test.cpp */ = {isa = PBXFileReference; fileEncoding = 4; lastKnownFileType = sourcecode.cpp.cpp; path = Test.cpp; sourceTree = "<group>"; };
		1B965B901CE8B16A00A02065 /* Array_removeDuplicates.cpp */ = {isa = PBXFileReference; fileEncoding = 4; lastKnownFileType = sourcecode.cpp.cpp; path = Array_removeDuplicates.cpp; sourceTree = "<group>"; };
		A8037FD61D1AC78E00A94CE2 /* BinaryTree.cpp */ = {isa = PBXFileReference; fileEncoding = 4; lastKnownFileType = sourcecode.cpp.cpp; path = BinaryTree.cpp; sourceTree = "<group>"; };
		A80F7EDF1D466C9D008DF968 /* SortStackByStack.cpp */ = {isa = PBXFileReference; fileEncoding = 4; lastKnownFileType = sourcecode.cpp.cpp; path = SortStackByStack.cpp; sourceTree = "<group>"; };
		A82B0CF11D620F4E00C8F68E /* SortedArrayIntersection.cpp */ = {isa = PBXFileReference; fileEncoding = 4; lastKnownFileType = sourcecode.cpp.cpp; path = SortedArrayIntersection.cpp; sourceTree = "<group>"; };
		A82B0CF31D62187400C8F68E /* deleteRepeatNode.cpp */ = {isa = PBXFileReference; fileEncoding = 4; lastKnownFileType = sourcecode.cpp.cpp; path = deleteRepeatNode.cpp; sourceTree = "<group>"; };
		A836B5451D3630C9001CC81C /* HeapSort.cpp */ = {isa = PBXFileReference; fileEncoding = 4; lastKnownFileType = sourcecode.cpp.cpp; path = HeapSort.cpp; sourceTree = "<group>"; };
		A842AB671D2EB562004FAB8B /* BubbleTest.cpp */ = {isa = PBXFileReference; fileEncoding = 4; lastKnownFileType = sourcecode.cpp.cpp; path = BubbleTest.cpp; sourceTree = "<group>"; };
		A842AB691D2EBB4F004FAB8B /* inverseList.cpp */ = {isa = PBXFileReference; fileEncoding = 4; lastKnownFileType = sourcecode.cpp.cpp; path = inverseList.cpp; sourceTree = "<group>"; };
		A842AB6B1D2EBE1E004FAB8B /* InsertSort.cpp */ = {isa = PBXFileReference; fileEncoding = 4; lastKnownFileType = sourcecode.cpp.cpp; path = InsertSort.cpp; sourceTree = "<group>"; };
		A8593D541D450C6E0025CECD /* getMin.cpp */ = {isa = PBXFileReference; fileEncoding = 4; lastKnownFileType = sourcecode.cpp.cpp; path = getMin.cpp; sourceTree = "<group>"; };
		A8593D561D4510E10025CECD /* StackQueue.cpp */ = {isa = PBXFileReference; fileEncoding = 4; lastKnownFileType = sourcecode.cpp.cpp; path = StackQueue.cpp; sourceTree = "<group>"; };
		A8593D581D451B230025CECD /* removeLastElement.cpp */ = {isa = PBXFileReference; fileEncoding = 4; lastKnownFileType = sourcecode.cpp.cpp; path = removeLastElement.cpp; sourceTree = "<group>"; };
		A86D499C1D733D6B00C981AC /* RemoveDuplicateInSortedArray.cpp */ = {isa = PBXFileReference; fileEncoding = 4; lastKnownFileType = sourcecode.cpp.cpp; path = RemoveDuplicateInSortedArray.cpp; sourceTree = "<group>"; };
		A8821C891CFB49BF00D500B7 /* array_mergeTwoLists.cpp */ = {isa = PBXFileReference; fileEncoding = 4; lastKnownFileType = sourcecode.cpp.cpp; path = array_mergeTwoLists.cpp; sourceTree = "<group>"; };
		A8821C8B1CFC962200D500B7 /* array_swapPairs.cpp */ = {isa = PBXFileReference; fileEncoding = 4; lastKnownFileType = sourcecode.cpp.cpp; path = array_swapPairs.cpp; sourceTree = "<group>"; };
		A8828AD11D22A07C00206CAC /* intersect.cpp */ = {isa = PBXFileReference; fileEncoding = 4; lastKnownFileType = sourcecode.cpp.cpp; name = intersect.cpp; path = ../intersect.cpp; sourceTree = "<group>"; };
		A8828AD31D22AADE00206CAC /* hasPathSum.cpp */ = {isa = PBXFileReference; fileEncoding = 4; lastKnownFileType = sourcecode.cpp.cpp; path = hasPathSum.cpp; sourceTree = "<group>"; };
		A8828AD51D22B0A500206CAC /* minDepth.cpp */ = {isa = PBXFileReference; fileEncoding = 4; lastKnownFileType = sourcecode.cpp.cpp; path = minDepth.cpp; sourceTree = "<group>"; };
		A8828B091D24233100206CAC /* IsBalanced.cpp */ = {isa = PBXFileReference; fileEncoding = 4; lastKnownFileType = sourcecode.cpp.cpp; path = IsBalanced.cpp; sourceTree = "<group>"; };
		A8944E5F1D7C80830001F8F2 /* SearchTarget.cpp */ = {isa = PBXFileReference; fileEncoding = 4; lastKnownFileType = sourcecode.cpp.cpp; path = SearchTarget.cpp; sourceTree = "<group>"; };
		A8C203101D0DB0AA00495A6A /* List.cpp */ = {isa = PBXFileReference; fileEncoding = 4; lastKnownFileType = sourcecode.cpp.cpp; path = List.cpp; sourceTree = "<group>"; };
		A8D04EF01D01C0AB00FF8F9A /* BubbleSort.cpp */ = {isa = PBXFileReference; fileEncoding = 4; lastKnownFileType = sourcecode.cpp.cpp; path = BubbleSort.cpp; sourceTree = "<group>"; };
		A8D04F0D1D03BEF200FF8F9A /* ArrayInsert.cpp */ = {isa = PBXFileReference; fileEncoding = 4; lastKnownFileType = sourcecode.cpp.cpp; path = ArrayInsert.cpp; sourceTree = "<group>"; };
		A8D04F371D0711EE00FF8F9A /* hasCycle.cpp */ = {isa = PBXFileReference; fileEncoding = 4; lastKnownFileType = sourcecode.cpp.cpp; path = hasCycle.cpp; sourceTree = "<group>"; };
		A8D04F3A1D07148D00FF8F9A /* numberOf1.cpp */ = {isa = PBXFileReference; fileEncoding = 4; lastKnownFileType = sourcecode.cpp.cpp; path = numberOf1.cpp; sourceTree = "<group>"; };
		A8D04F3C1D07173900FF8F9A /* deleteNode.cpp */ = {isa = PBXFileReference; fileEncoding = 4; lastKnownFileType = sourcecode.cpp.cpp; path = deleteNode.cpp; sourceTree = "<group>"; };
		A8E90D481CF8790E005DCC2E /* array_missingNumber.cpp */ = {isa = PBXFileReference; fileEncoding = 4; lastKnownFileType = sourcecode.cpp.cpp; path = array_missingNumber.cpp; sourceTree = "<group>"; };
		A8EA2F171D33CA8C00CA6CB1 /* mergeSort.cpp */ = {isa = PBXFileReference; fileEncoding = 4; lastKnownFileType = sourcecode.cpp.cpp; path = mergeSort.cpp; sourceTree = "<group>"; };
		A8EA2F191D33DB2000CA6CB1 /* QuickSort.cpp */ = {isa = PBXFileReference; fileEncoding = 4; lastKnownFileType = sourcecode.cpp.cpp; path = QuickSort.cpp; sourceTree = "<group>"; };
/* End PBXFileReference section */

/* Begin PBXFrameworksBuildPhase section */
		1B965B641CE6BEBB00A02065 /* Frameworks */ = {
			isa = PBXFrameworksBuildPhase;
			buildActionMask = 2147483647;
			files = (
			);
			runOnlyForDeploymentPostprocessing = 0;
		};
/* End PBXFrameworksBuildPhase section */

/* Begin PBXGroup section */
		1B965B5E1CE6BEBB00A02065 = {
			isa = PBXGroup;
			children = (
				1B965B691CE6BEBB00A02065 /* LeetCodeAlgorithm */,
				1B965B681CE6BEBB00A02065 /* Products */,
			);
			sourceTree = "<group>";
		};
		1B965B681CE6BEBB00A02065 /* Products */ = {
			isa = PBXGroup;
			children = (
				1B965B671CE6BEBB00A02065 /* LeetCodeAlgorithm */,
			);
			name = Products;
			sourceTree = "<group>";
		};
		1B965B691CE6BEBB00A02065 /* LeetCodeAlgorithm */ = {
			isa = PBXGroup;
			children = (
				A8593D531D450C550025CECD /* 栈和队列 */,
				A8037FD51D1AC76500A94CE2 /* 二叉树 */,
				A8D04F391D07147D00FF8F9A /* 其他 */,
				A8D04F361D0711C000FF8F9A /* 链表 */,
				A8D04F0C1D03B89100FF8F9A /* 线性表 */,
				A8D04EEF1D01C08A00FF8F9A /* Sort */,
				1B965B711CE6BEE300A02065 /* Array */,
				1B965B741CE6CA7000A02065 /* Test.cpp */,
			);
			path = LeetCodeAlgorithm;
			sourceTree = "<group>";
		};
		1B965B711CE6BEE300A02065 /* Array */ = {
			isa = PBXGroup;
			children = (
				A8828AD11D22A07C00206CAC /* intersect.cpp */,
				1B965B721CE6BF0300A02065 /* Array_TwoSum.cpp */,
				1B965B901CE8B16A00A02065 /* Array_removeDuplicates.cpp */,
				1B1FBDD81CEA079F00732267 /* Array_removeElement.cpp */,
				1B61B3F91CECB57C00537DFA /* Array_majorityElement.cpp */,
				1B61B3FB1CECC73800537DFA /* Array_arrRotate.cpp */,
				A8E90D481CF8790E005DCC2E /* array_missingNumber.cpp */,
				A8821C891CFB49BF00D500B7 /* array_mergeTwoLists.cpp */,
				A8821C8B1CFC962200D500B7 /* array_swapPairs.cpp */,
				A82B0CF11D620F4E00C8F68E /* SortedArrayIntersection.cpp */,
				A86D499C1D733D6B00C981AC /* RemoveDuplicateInSortedArray.cpp */,
				A8944E5F1D7C80830001F8F2 /* SearchTarget.cpp */,
			);
			path = Array;
			sourceTree = "<group>";
		};
		A8037FD51D1AC76500A94CE2 /* 二叉树 */ = {
			isa = PBXGroup;
			children = (
				A8037FD61D1AC78E00A94CE2 /* BinaryTree.cpp */,
				A8828AD31D22AADE00206CAC /* hasPathSum.cpp */,
				A8828AD51D22B0A500206CAC /* minDepth.cpp */,
				A8828B091D24233100206CAC /* IsBalanced.cpp */,
			);
			name = "二叉树";
			sourceTree = "<group>";
		};
		A8593D531D450C550025CECD /* 栈和队列 */ = {
			isa = PBXGroup;
			children = (
				A8593D541D450C6E0025CECD /* getMin.cpp */,
				A8593D561D4510E10025CECD /* StackQueue.cpp */,
				A8593D581D451B230025CECD /* removeLastElement.cpp */,
				A80F7EDF1D466C9D008DF968 /* SortStackByStack.cpp */,
			);
			name = "栈和队列";
			sourceTree = "<group>";
		};
		A8D04EEF1D01C08A00FF8F9A /* Sort */ = {
			isa = PBXGroup;
			children = (
				A8D04EF01D01C0AB00FF8F9A /* BubbleSort.cpp */,
				A842AB671D2EB562004FAB8B /* BubbleTest.cpp */,
				A842AB6B1D2EBE1E004FAB8B /* InsertSort.cpp */,
				A8EA2F171D33CA8C00CA6CB1 /* mergeSort.cpp */,
				A8EA2F191D33DB2000CA6CB1 /* QuickSort.cpp */,
				A836B5451D3630C9001CC81C /* HeapSort.cpp */,
			);
			name = Sort;
			sourceTree = "<group>";
		};
		A8D04F0C1D03B89100FF8F9A /* 线性表 */ = {
			isa = PBXGroup;
			children = (
				A8D04F0D1D03BEF200FF8F9A /* ArrayInsert.cpp */,
			);
			name = "线性表";
			sourceTree = "<group>";
		};
		A8D04F361D0711C000FF8F9A /* 链表 */ = {
			isa = PBXGroup;
			children = (
				A8D04F371D0711EE00FF8F9A /* hasCycle.cpp */,
				A8D04F3C1D07173900FF8F9A /* deleteNode.cpp */,
				A8C203101D0DB0AA00495A6A /* List.cpp */,
				A842AB691D2EBB4F004FAB8B /* inverseList.cpp */,
				A82B0CF31D62187400C8F68E /* deleteRepeatNode.cpp */,
			);
			name = "链表";
			sourceTree = "<group>";
		};
		A8D04F391D07147D00FF8F9A /* 其他 */ = {
			isa = PBXGroup;
			children = (
				A8D04F3A1D07148D00FF8F9A /* numberOf1.cpp */,
			);
			name = "其他";
			sourceTree = "<group>";
		};
/* End PBXGroup section */

/* Begin PBXNativeTarget section */
		1B965B661CE6BEBB00A02065 /* LeetCodeAlgorithm */ = {
			isa = PBXNativeTarget;
			buildConfigurationList = 1B965B6E1CE6BEBB00A02065 /* Build configuration list for PBXNativeTarget "LeetCodeAlgorithm" */;
			buildPhases = (
				1B965B631CE6BEBB00A02065 /* Sources */,
				1B965B641CE6BEBB00A02065 /* Frameworks */,
				1B965B651CE6BEBB00A02065 /* CopyFiles */,
			);
			buildRules = (
			);
			dependencies = (
			);
			name = LeetCodeAlgorithm;
			productName = LeetCodeAlgorithm;
			productReference = 1B965B671CE6BEBB00A02065 /* LeetCodeAlgorithm */;
			productType = "com.apple.product-type.tool";
		};
/* End PBXNativeTarget section */

/* Begin PBXProject section */
		1B965B5F1CE6BEBB00A02065 /* Project object */ = {
			isa = PBXProject;
			attributes = {
				LastUpgradeCheck = 0730;
				ORGANIZATIONNAME = Martin;
				TargetAttributes = {
					1B965B661CE6BEBB00A02065 = {
						CreatedOnToolsVersion = 7.3.1;
					};
				};
			};
			buildConfigurationList = 1B965B621CE6BEBB00A02065 /* Build configuration list for PBXProject "LeetCodeAlgorithm" */;
			compatibilityVersion = "Xcode 3.2";
			developmentRegion = English;
			hasScannedForEncodings = 0;
			knownRegions = (
				en,
			);
			mainGroup = 1B965B5E1CE6BEBB00A02065;
			productRefGroup = 1B965B681CE6BEBB00A02065 /* Products */;
			projectDirPath = "";
			projectRoot = "";
			targets = (
				1B965B661CE6BEBB00A02065 /* LeetCodeAlgorithm */,
			);
		};
/* End PBXProject section */

/* Begin PBXSourcesBuildPhase section */
		1B965B631CE6BEBB00A02065 /* Sources */ = {
			isa = PBXSourcesBuildPhase;
			buildActionMask = 2147483647;
			files = (
				A8593D591D451B230025CECD /* removeLastElement.cpp in Sources */,
				1B61B3FA1CECB57C00537DFA /* Array_majorityElement.cpp in Sources */,
				A86D499D1D733D6B00C981AC /* RemoveDuplicateInSortedArray.cpp in Sources */,
				A8821C8C1CFC962200D500B7 /* array_swapPairs.cpp in Sources */,
				A8D04F3D1D07173900FF8F9A /* deleteNode.cpp in Sources */,
				A8EA2F1A1D33DB2000CA6CB1 /* QuickSort.cpp in Sources */,
				A8828AD61D22B0A500206CAC /* minDepth.cpp in Sources */,
				1B965B911CE8B16A00A02065 /* Array_removeDuplicates.cpp in Sources */,
				A8037FD71D1AC78E00A94CE2 /* BinaryTree.cpp in Sources */,
				A8EA2F181D33CA8C00CA6CB1 /* mergeSort.cpp in Sources */,
				A8E90D491CF8790E005DCC2E /* array_missingNumber.cpp in Sources */,
				A842AB681D2EB562004FAB8B /* BubbleTest.cpp in Sources */,
				A842AB6A1D2EBB4F004FAB8B /* inverseList.cpp in Sources */,
				1B965B731CE6BF0300A02065 /* Array_TwoSum.cpp in Sources */,
				A8D04F381D0711EE00FF8F9A /* hasCycle.cpp in Sources */,
				A8828B0A1D24233100206CAC /* IsBalanced.cpp in Sources */,
				A8593D571D4510E10025CECD /* StackQueue.cpp in Sources */,
				A80F7EE01D466C9D008DF968 /* SortStackByStack.cpp in Sources */,
				A8D04EF11D01C0AB00FF8F9A /* BubbleSort.cpp in Sources */,
				1B1FBDD91CEA079F00732267 /* Array_removeElement.cpp in Sources */,
				A82B0CF21D620F4E00C8F68E /* SortedArrayIntersection.cpp in Sources */,
				A8C203111D0DB0AA00495A6A /* List.cpp in Sources */,
				A836B5461D3630C9001CC81C /* HeapSort.cpp in Sources */,
				A8828AD41D22AADE00206CAC /* hasPathSum.cpp in Sources */,
				1B61B3FC1CECC73800537DFA /* Array_arrRotate.cpp in Sources */,
				A842AB6C1D2EBE1E004FAB8B /* InsertSort.cpp in Sources */,
				A8944E601D7C80830001F8F2 /* SearchTarget.cpp in Sources */,
				A8593D551D450C6E0025CECD /* getMin.cpp in Sources */,
				A8D04F0E1D03BEF200FF8F9A /* ArrayInsert.cpp in Sources */,
				1B965B751CE6CA7000A02065 /* Test.cpp in Sources */,
				A8821C8A1CFB49BF00D500B7 /* array_mergeTwoLists.cpp in Sources */,
				A8828AD21D22A07C00206CAC /* intersect.cpp in Sources */,
				A8D04F3B1D07148D00FF8F9A /* numberOf1.cpp in Sources */,
				A82B0CF41D62187400C8F68E /* deleteRepeatNode.cpp in Sources */,
			);
			runOnlyForDeploymentPostprocessing = 0;
		};
/* End PBXSourcesBuildPhase section */

/* Begin XCBuildConfiguration section */
		1B965B6C1CE6BEBB00A02065 /* Debug */ = {
			isa = XCBuildConfiguration;
			buildSettings = {
				ALWAYS_SEARCH_USER_PATHS = NO;
				CLANG_ANALYZER_NONNULL = YES;
				CLANG_CXX_LANGUAGE_STANDARD = "gnu++0x";
				CLANG_CXX_LIBRARY = "libc++";
				CLANG_ENABLE_MODULES = YES;
				CLANG_ENABLE_OBJC_ARC = YES;
				CLANG_WARN_BOOL_CONVERSION = YES;
				CLANG_WARN_CONSTANT_CONVERSION = YES;
				CLANG_WARN_DIRECT_OBJC_ISA_USAGE = YES_ERROR;
				CLANG_WARN_EMPTY_BODY = YES;
				CLANG_WARN_ENUM_CONVERSION = YES;
				CLANG_WARN_INT_CONVERSION = YES;
				CLANG_WARN_OBJC_ROOT_CLASS = YES_ERROR;
				CLANG_WARN_UNREACHABLE_CODE = YES;
				CLANG_WARN__DUPLICATE_METHOD_MATCH = YES;
				CODE_SIGN_IDENTITY = "-";
				COPY_PHASE_STRIP = NO;
				DEBUG_INFORMATION_FORMAT = dwarf;
				ENABLE_STRICT_OBJC_MSGSEND = YES;
				ENABLE_TESTABILITY = YES;
				GCC_C_LANGUAGE_STANDARD = gnu99;
				GCC_DYNAMIC_NO_PIC = NO;
				GCC_NO_COMMON_BLOCKS = YES;
				GCC_OPTIMIZATION_LEVEL = 0;
				GCC_PREPROCESSOR_DEFINITIONS = (
					"DEBUG=1",
					"$(inherited)",
				);
				GCC_WARN_64_TO_32_BIT_CONVERSION = YES;
				GCC_WARN_ABOUT_RETURN_TYPE = YES_ERROR;
				GCC_WARN_UNDECLARED_SELECTOR = YES;
				GCC_WARN_UNINITIALIZED_AUTOS = YES_AGGRESSIVE;
				GCC_WARN_UNUSED_FUNCTION = YES;
				GCC_WARN_UNUSED_VARIABLE = YES;
				MACOSX_DEPLOYMENT_TARGET = 10.11;
				MTL_ENABLE_DEBUG_INFO = YES;
				ONLY_ACTIVE_ARCH = YES;
				SDKROOT = macosx;
			};
			name = Debug;
		};
		1B965B6D1CE6BEBB00A02065 /* Release */ = {
			isa = XCBuildConfiguration;
			buildSettings = {
				ALWAYS_SEARCH_USER_PATHS = NO;
				CLANG_ANALYZER_NONNULL = YES;
				CLANG_CXX_LANGUAGE_STANDARD = "gnu++0x";
				CLANG_CXX_LIBRARY = "libc++";
				CLANG_ENABLE_MODULES = YES;
				CLANG_ENABLE_OBJC_ARC = YES;
				CLANG_WARN_BOOL_CONVERSION = YES;
				CLANG_WARN_CONSTANT_CONVERSION = YES;
				CLANG_WARN_DIRECT_OBJC_ISA_USAGE = YES_ERROR;
				CLANG_WARN_EMPTY_BODY = YES;
				CLANG_WARN_ENUM_CONVERSION = YES;
				CLANG_WARN_INT_CONVERSION = YES;
				CLANG_WARN_OBJC_ROOT_CLASS = YES_ERROR;
				CLANG_WARN_UNREACHABLE_CODE = YES;
				CLANG_WARN__DUPLICATE_METHOD_MATCH = YES;
				CODE_SIGN_IDENTITY = "-";
				COPY_PHASE_STRIP = NO;
				DEBUG_INFORMATION_FORMAT = "dwarf-with-dsym";
				ENABLE_NS_ASSERTIONS = NO;
				ENABLE_STRICT_OBJC_MSGSEND = YES;
				GCC_C_LANGUAGE_STANDARD = gnu99;
				GCC_NO_COMMON_BLOCKS = YES;
				GCC_WARN_64_TO_32_BIT_CONVERSION = YES;
				GCC_WARN_ABOUT_RETURN_TYPE = YES_ERROR;
				GCC_WARN_UNDECLARED_SELECTOR = YES;
				GCC_WARN_UNINITIALIZED_AUTOS = YES_AGGRESSIVE;
				GCC_WARN_UNUSED_FUNCTION = YES;
				GCC_WARN_UNUSED_VARIABLE = YES;
				MACOSX_DEPLOYMENT_TARGET = 10.11;
				MTL_ENABLE_DEBUG_INFO = NO;
				SDKROOT = macosx;
			};
			name = Release;
		};
		1B965B6F1CE6BEBB00A02065 /* Debug */ = {
			isa = XCBuildConfiguration;
			buildSettings = {
				PRODUCT_NAME = "$(TARGET_NAME)";
			};
			name = Debug;
		};
		1B965B701CE6BEBB00A02065 /* Release */ = {
			isa = XCBuildConfiguration;
			buildSettings = {
				PRODUCT_NAME = "$(TARGET_NAME)";
			};
			name = Release;
		};
/* End XCBuildConfiguration section */

/* Begin XCConfigurationList section */
		1B965B621CE6BEBB00A02065 /* Build configuration list for PBXProject "LeetCodeAlgorithm" */ = {
			isa = XCConfigurationList;
			buildConfigurations = (
				1B965B6C1CE6BEBB00A02065 /* Debug */,
				1B965B6D1CE6BEBB00A02065 /* Release */,
			);
			defaultConfigurationIsVisible = 0;
			defaultConfigurationName = Release;
		};
		1B965B6E1CE6BEBB00A02065 /* Build configuration list for PBXNativeTarget "LeetCodeAlgorithm" */ = {
			isa = XCConfigurationList;
			buildConfigurations = (
				1B965B6F1CE6BEBB00A02065 /* Debug */,
				1B965B701CE6BEBB00A02065 /* Release */,
			);
			defaultConfigurationIsVisible = 0;
			defaultConfigurationName = Release;
		};
/* End XCConfigurationList section */
	};
	rootObject = 1B965B5F1CE6BEBB00A02065 /* Project object */;
}
