// !$*UTF8*$!
{
	archiveVersion = 1;
	classes = {
	};
	objectVersion = 46;
	objects = {

/* Begin PBXBuildFile section */
		A8BF7FDB1D9171FB001B9D0A /* main.cpp in Sources */ = {isa = PBXBuildFile; fileRef = A8BF7FDA1D9171FB001B9D0A /* main.cpp */; };
		A8BF7FE31D917438001B9D0A /* addTwoNumber.cpp in Sources */ = {isa = PBXBuildFile; fileRef = A8BF7FE21D917438001B9D0A /* addTwoNumber.cpp */; };
/* End PBXBuildFile section */

/* Begin PBXCopyFilesBuildPhase section */
		A8BF7FD51D9171FB001B9D0A /* CopyFiles */ = {
			isa = PBXCopyFilesBuildPhase;
			buildActionMask = 2147483647;
			dstPath = /usr/share/man/man1/;
			dstSubfolderSpec = 0;
			files = (
			);
			runOnlyForDeploymentPostprocessing = 1;
		};
/* End PBXCopyFilesBuildPhase section */

/* Begin PBXFileReference section */
		A8BF7FD71D9171FB001B9D0A /* JOYAlgorithm */ = {isa = PBXFileReference; explicitFileType = "compiled.mach-o.executable"; includeInIndex = 0; path = JOYAlgorithm; sourceTree = BUILT_PRODUCTS_DIR; };
		A8BF7FDA1D9171FB001B9D0A /* main.cpp */ = {isa = PBXFileReference; lastKnownFileType = sourcecode.cpp.cpp; path = main.cpp; sourceTree = "<group>"; };
		A8BF7FE21D917438001B9D0A /* addTwoNumber.cpp */ = {isa = PBXFileReference; fileEncoding = 4; lastKnownFileType = sourcecode.cpp.cpp; path = addTwoNumber.cpp; sourceTree = "<group>"; };
/* End PBXFileReference section */

/* Begin PBXFrameworksBuildPhase section */
		A8BF7FD41D9171FB001B9D0A /* Frameworks */ = {
			isa = PBXFrameworksBuildPhase;
			buildActionMask = 2147483647;
			files = (
			);
			runOnlyForDeploymentPostprocessing = 0;
		};
/* End PBXFrameworksBuildPhase section */

/* Begin PBXGroup section */
		A8BF7FCE1D9171FB001B9D0A = {
			isa = PBXGroup;
			children = (
				A8BF7FD91D9171FB001B9D0A /* JOYAlgorithm */,
				A8BF7FD81D9171FB001B9D0A /* Products */,
			);
			sourceTree = "<group>";
		};
		A8BF7FD81D9171FB001B9D0A /* Products */ = {
			isa = PBXGroup;
			children = (
				A8BF7FD71D9171FB001B9D0A /* JOYAlgorithm */,
			);
			name = Products;
			sourceTree = "<group>";
		};
		A8BF7FD91D9171FB001B9D0A /* JOYAlgorithm */ = {
			isa = PBXGroup;
			children = (
				A8BF7FE11D917208001B9D0A /* ListNode */,
				A8BF7FDA1D9171FB001B9D0A /* main.cpp */,
			);
			path = JOYAlgorithm;
			sourceTree = "<group>";
		};
		A8BF7FE11D917208001B9D0A /* ListNode */ = {
			isa = PBXGroup;
			children = (
				A8BF7FE21D917438001B9D0A /* addTwoNumber.cpp */,
			);
			name = ListNode;
			sourceTree = "<group>";
		};
/* End PBXGroup section */

/* Begin PBXNativeTarget section */
		A8BF7FD61D9171FB001B9D0A /* JOYAlgorithm */ = {
			isa = PBXNativeTarget;
			buildConfigurationList = A8BF7FDE1D9171FB001B9D0A /* Build configuration list for PBXNativeTarget "JOYAlgorithm" */;
			buildPhases = (
				A8BF7FD31D9171FB001B9D0A /* Sources */,
				A8BF7FD41D9171FB001B9D0A /* Frameworks */,
				A8BF7FD51D9171FB001B9D0A /* CopyFiles */,
			);
			buildRules = (
			);
			dependencies = (
			);
			name = JOYAlgorithm;
			productName = JOYAlgorithm;
			productReference = A8BF7FD71D9171FB001B9D0A /* JOYAlgorithm */;
			productType = "com.apple.product-type.tool";
		};
/* End PBXNativeTarget section */

/* Begin PBXProject section */
		A8BF7FCF1D9171FB001B9D0A /* Project object */ = {
			isa = PBXProject;
			attributes = {
				LastUpgradeCheck = 0800;
				ORGANIZATIONNAME = Joy;
				TargetAttributes = {
					A8BF7FD61D9171FB001B9D0A = {
						CreatedOnToolsVersion = 8.0;
						ProvisioningStyle = Automatic;
					};
				};
			};
			buildConfigurationList = A8BF7FD21D9171FB001B9D0A /* Build configuration list for PBXProject "JOYAlgorithm" */;
			compatibilityVersion = "Xcode 3.2";
			developmentRegion = English;
			hasScannedForEncodings = 0;
			knownRegions = (
				en,
			);
			mainGroup = A8BF7FCE1D9171FB001B9D0A;
			productRefGroup = A8BF7FD81D9171FB001B9D0A /* Products */;
			projectDirPath = "";
			projectRoot = "";
			targets = (
				A8BF7FD61D9171FB001B9D0A /* JOYAlgorithm */,
			);
		};
/* End PBXProject section */

/* Begin PBXSourcesBuildPhase section */
		A8BF7FD31D9171FB001B9D0A /* Sources */ = {
			isa = PBXSourcesBuildPhase;
			buildActionMask = 2147483647;
			files = (
				A8BF7FDB1D9171FB001B9D0A /* main.cpp in Sources */,
				A8BF7FE31D917438001B9D0A /* addTwoNumber.cpp in Sources */,
			);
			runOnlyForDeploymentPostprocessing = 0;
		};
/* End PBXSourcesBuildPhase section */

/* Begin XCBuildConfiguration section */
		A8BF7FDC1D9171FB001B9D0A /* Debug */ = {
			isa = XCBuildConfiguration;
			buildSettings = {
				ALWAYS_SEARCH_USER_PATHS = NO;
				CLANG_ANALYZER_NONNULL = YES;
				CLANG_CXX_LANGUAGE_STANDARD = "gnu++0x";
				CLANG_CXX_LIBRARY = "libc++";
				CLANG_ENABLE_MODULES = YES;
				CLANG_ENABLE_OBJC_ARC = YES;
				CLANG_WARN_BOOL_CONVERSION = YES;
				CLANG_WARN_CONSTANT_CONVERSION = YES;
				CLANG_WARN_DIRECT_OBJC_ISA_USAGE = YES_ERROR;
				CLANG_WARN_DOCUMENTATION_COMMENTS = YES;
				CLANG_WARN_EMPTY_BODY = YES;
				CLANG_WARN_ENUM_CONVERSION = YES;
				CLANG_WARN_INFINITE_RECURSION = YES;
				CLANG_WARN_INT_CONVERSION = YES;
				CLANG_WARN_OBJC_ROOT_CLASS = YES_ERROR;
				CLANG_WARN_SUSPICIOUS_MOVES = YES;
				CLANG_WARN_UNREACHABLE_CODE = YES;
				CLANG_WARN__DUPLICATE_METHOD_MATCH = YES;
				CODE_SIGN_IDENTITY = "-";
				COPY_PHASE_STRIP = NO;
				DEBUG_INFORMATION_FORMAT = dwarf;
				ENABLE_STRICT_OBJC_MSGSEND = YES;
				ENABLE_TESTABILITY = YES;
				GCC_C_LANGUAGE_STANDARD = gnu99;
				GCC_DYNAMIC_NO_PIC = NO;
				GCC_NO_COMMON_BLOCKS = YES;
				GCC_OPTIMIZATION_LEVEL = 0;
				GCC_PREPROCESSOR_DEFINITIONS = (
					"DEBUG=1",
					"$(inherited)",
				);
				GCC_WARN_64_TO_32_BIT_CONVERSION = YES;
				GCC_WARN_ABOUT_RETURN_TYPE = YES_ERROR;
				GCC_WARN_UNDECLARED_SELECTOR = YES;
				GCC_WARN_UNINITIALIZED_AUTOS = YES_AGGRESSIVE;
				GCC_WARN_UNUSED_FUNCTION = YES;
				GCC_WARN_UNUSED_VARIABLE = YES;
				MACOSX_DEPLOYMENT_TARGET = 10.11;
				MTL_ENABLE_DEBUG_INFO = YES;
				ONLY_ACTIVE_ARCH = YES;
				SDKROOT = macosx;
			};
			name = Debug;
		};
		A8BF7FDD1D9171FB001B9D0A /* Release */ = {
			isa = XCBuildConfiguration;
			buildSettings = {
				ALWAYS_SEARCH_USER_PATHS = NO;
				CLANG_ANALYZER_NONNULL = YES;
				CLANG_CXX_LANGUAGE_STANDARD = "gnu++0x";
				CLANG_CXX_LIBRARY = "libc++";
				CLANG_ENABLE_MODULES = YES;
				CLANG_ENABLE_OBJC_ARC = YES;
				CLANG_WARN_BOOL_CONVERSION = YES;
				CLANG_WARN_CONSTANT_CONVERSION = YES;
				CLANG_WARN_DIRECT_OBJC_ISA_USAGE = YES_ERROR;
				CLANG_WARN_DOCUMENTATION_COMMENTS = YES;
				CLANG_WARN_EMPTY_BODY = YES;
				CLANG_WARN_ENUM_CONVERSION = YES;
				CLANG_WARN_INFINITE_RECURSION = YES;
				CLANG_WARN_INT_CONVERSION = YES;
				CLANG_WARN_OBJC_ROOT_CLASS = YES_ERROR;
				CLANG_WARN_SUSPICIOUS_MOVES = YES;
				CLANG_WARN_UNREACHABLE_CODE = YES;
				CLANG_WARN__DUPLICATE_METHOD_MATCH = YES;
				CODE_SIGN_IDENTITY = "-";
				COPY_PHASE_STRIP = NO;
				DEBUG_INFORMATION_FORMAT = "dwarf-with-dsym";
				ENABLE_NS_ASSERTIONS = NO;
				ENABLE_STRICT_OBJC_MSGSEND = YES;
				GCC_C_LANGUAGE_STANDARD = gnu99;
				GCC_NO_COMMON_BLOCKS = YES;
				GCC_WARN_64_TO_32_BIT_CONVERSION = YES;
				GCC_WARN_ABOUT_RETURN_TYPE = YES_ERROR;
				GCC_WARN_UNDECLARED_SELECTOR = YES;
				GCC_WARN_UNINITIALIZED_AUTOS = YES_AGGRESSIVE;
				GCC_WARN_UNUSED_FUNCTION = YES;
				GCC_WARN_UNUSED_VARIABLE = YES;
				MACOSX_DEPLOYMENT_TARGET = 10.11;
				MTL_ENABLE_DEBUG_INFO = NO;
				SDKROOT = macosx;
			};
			name = Release;
		};
		A8BF7FDF1D9171FB001B9D0A /* Debug */ = {
			isa = XCBuildConfiguration;
			buildSettings = {
				PRODUCT_NAME = "$(TARGET_NAME)";
			};
			name = Debug;
		};
		A8BF7FE01D9171FB001B9D0A /* Release */ = {
			isa = XCBuildConfiguration;
			buildSettings = {
				PRODUCT_NAME = "$(TARGET_NAME)";
			};
			name = Release;
		};
/* End XCBuildConfiguration section */

/* Begin XCConfigurationList section */
		A8BF7FD21D9171FB001B9D0A /* Build configuration list for PBXProject "JOYAlgorithm" */ = {
			isa = XCConfigurationList;
			buildConfigurations = (
				A8BF7FDC1D9171FB001B9D0A /* Debug */,
				A8BF7FDD1D9171FB001B9D0A /* Release */,
			);
			defaultConfigurationIsVisible = 0;
			defaultConfigurationName = Release;
		};
		A8BF7FDE1D9171FB001B9D0A /* Build configuration list for PBXNativeTarget "JOYAlgorithm" */ = {
			isa = XCConfigurationList;
			buildConfigurations = (
				A8BF7FDF1D9171FB001B9D0A /* Debug */,
				A8BF7FE01D9171FB001B9D0A /* Release */,
			);
			defaultConfigurationIsVisible = 0;
		};
/* End XCConfigurationList section */
	};
	rootObject = A8BF7FCF1D9171FB001B9D0A /* Project object */;
}
